// !$*UTF8*$!
{
	archiveVersion = 1;
	classes = {
	};
	objectVersion = 46;
	objects = {

/* Begin PBXBuildFile section */
		162F37A41CC50E6900F93B7A /* main.m in Sources */ = {isa = PBXBuildFile; fileRef = 162F37A31CC50E6900F93B7A /* main.m */; };
		162F37A71CC50E6900F93B7A /* AppDelegate.m in Sources */ = {isa = PBXBuildFile; fileRef = 162F37A61CC50E6900F93B7A /* AppDelegate.m */; };
		162F37AA1CC50E6900F93B7A /* ViewController.m in Sources */ = {isa = PBXBuildFile; fileRef = 162F37A91CC50E6900F93B7A /* ViewController.m */; };
		162F37AD1CC50E6900F93B7A /* Main.storyboard in Resources */ = {isa = PBXBuildFile; fileRef = 162F37AB1CC50E6900F93B7A /* Main.storyboard */; };
		162F37AF1CC50E6900F93B7A /* Assets.xcassets in Resources */ = {isa = PBXBuildFile; fileRef = 162F37AE1CC50E6900F93B7A /* Assets.xcassets */; };
		162F37B21CC50E6900F93B7A /* LaunchScreen.storyboard in Resources */ = {isa = PBXBuildFile; fileRef = 162F37B01CC50E6900F93B7A /* LaunchScreen.storyboard */; };
		16FA2DD71D60FA96002EE747 /* MyPickerView.m in Sources */ = {isa = PBXBuildFile; fileRef = 16FA2DD61D60FA96002EE747 /* MyPickerView.m */; };
		16FA2DDA1D611123002EE747 /* Data.m in Sources */ = {isa = PBXBuildFile; fileRef = 16FA2DD91D611123002EE747 /* Data.m */; };
/* End PBXBuildFile section */

/* Begin PBXFileReference section */
		162F379F1CC50E6900F93B7A /* pickerViewTraining.app */ = {isa = PBXFileReference; explicitFileType = wrapper.application; includeInIndex = 0; path = pickerViewTraining.app; sourceTree = BUILT_PRODUCTS_DIR; };
		162F37A31CC50E6900F93B7A /* main.m */ = {isa = PBXFileReference; lastKnownFileType = sourcecode.c.objc; path = main.m; sourceTree = "<group>"; };
		162F37A51CC50E6900F93B7A /* AppDelegate.h */ = {isa = PBXFileReference; lastKnownFileType = sourcecode.c.h; path = AppDelegate.h; sourceTree = "<group>"; };
		162F37A61CC50E6900F93B7A /* AppDelegate.m */ = {isa = PBXFileReference; lastKnownFileType = sourcecode.c.objc; path = AppDelegate.m; sourceTree = "<group>"; };
		162F37A81CC50E6900F93B7A /* ViewController.h */ = {isa = PBXFileReference; lastKnownFileType = sourcecode.c.h; path = ViewController.h; sourceTree = "<group>"; };
		162F37A91CC50E6900F93B7A /* ViewController.m */ = {isa = PBXFileReference; lastKnownFileType = sourcecode.c.objc; path = ViewController.m; sourceTree = "<group>"; };
		162F37AC1CC50E6900F93B7A /* Base */ = {isa = PBXFileReference; lastKnownFileType = file.storyboard; name = Base; path = Base.lproj/Main.storyboard; sourceTree = "<group>"; };
		162F37AE1CC50E6900F93B7A /* Assets.xcassets */ = {isa = PBXFileReference; lastKnownFileType = folder.assetcatalog; path = Assets.xcassets; sourceTree = "<group>"; };
		162F37B11CC50E6900F93B7A /* Base */ = {isa = PBXFileReference; lastKnownFileType = file.storyboard; name = Base; path = Base.lproj/LaunchScreen.storyboard; sourceTree = "<group>"; };
		162F37B31CC50E6900F93B7A /* Info.plist */ = {isa = PBXFileReference; lastKnownFileType = text.plist.xml; path = Info.plist; sourceTree = "<group>"; };
		16FA2DD51D60FA96002EE747 /* MyPickerView.h */ = {isa = PBXFileReference; fileEncoding = 4; lastKnownFileType = sourcecode.c.h; path = MyPickerView.h; sourceTree = "<group>"; };
		16FA2DD61D60FA96002EE747 /* MyPickerView.m */ = {isa = PBXFileReference; fileEncoding = 4; lastKnownFileType = sourcecode.c.objc; path = MyPickerView.m; sourceTree = "<group>"; };
		16FA2DD81D611123002EE747 /* Data.h */ = {isa = PBXFileReference; fileEncoding = 4; lastKnownFileType = sourcecode.c.h; path = Data.h; sourceTree = "<group>"; };
		16FA2DD91D611123002EE747 /* Data.m */ = {isa = PBXFileReference; fileEncoding = 4; lastKnownFileType = sourcecode.c.objc; path = Data.m; sourceTree = "<group>"; };
/* End PBXFileReference section */

/* Begin PBXFrameworksBuildPhase section */
		162F379C1CC50E6900F93B7A /* Frameworks */ = {
			isa = PBXFrameworksBuildPhase;
			buildActionMask = 2147483647;
			files = (
			);
			runOnlyForDeploymentPostprocessing = 0;
		};
/* End PBXFrameworksBuildPhase section */

/* Begin PBXGroup section */
		162F37961CC50E6900F93B7A = {
			isa = PBXGroup;
			children = (
				162F37A11CC50E6900F93B7A /* pickerViewTraining */,
				162F37A01CC50E6900F93B7A /* Products */,
			);
			sourceTree = "<group>";
		};
		162F37A01CC50E6900F93B7A /* Products */ = {
			isa = PBXGroup;
			children = (
				162F379F1CC50E6900F93B7A /* pickerViewTraining.app */,
			);
			name = Products;
			sourceTree = "<group>";
		};
		162F37A11CC50E6900F93B7A /* pickerViewTraining */ = {
			isa = PBXGroup;
			children = (
				162F37A51CC50E6900F93B7A /* AppDelegate.h */,
				162F37A61CC50E6900F93B7A /* AppDelegate.m */,
				162F37A81CC50E6900F93B7A /* ViewController.h */,
				162F37A91CC50E6900F93B7A /* ViewController.m */,
				16FA2DD51D60FA96002EE747 /* MyPickerView.h */,
				16FA2DD61D60FA96002EE747 /* MyPickerView.m */,
				16FA2DD81D611123002EE747 /* Data.h */,
				16FA2DD91D611123002EE747 /* Data.m */,
				162F37AB1CC50E6900F93B7A /* Main.storyboard */,
				162F37AE1CC50E6900F93B7A /* Assets.xcassets */,
				162F37B01CC50E6900F93B7A /* LaunchScreen.storyboard */,
				162F37B31CC50E6900F93B7A /* Info.plist */,
				162F37A21CC50E6900F93B7A /* Supporting Files */,
			);
			path = pickerViewTraining;
			sourceTree = "<group>";
		};
		162F37A21CC50E6900F93B7A /* Supporting Files */ = {
			isa = PBXGroup;
			children = (
				162F37A31CC50E6900F93B7A /* main.m */,
			);
			name = "Supporting Files";
			sourceTree = "<group>";
		};
/* End PBXGroup section */

/* Begin PBXNativeTarget section */
		162F379E1CC50E6900F93B7A /* pickerViewTraining */ = {
			isa = PBXNativeTarget;
			buildConfigurationList = 162F37B61CC50E6900F93B7A /* Build configuration list for PBXNativeTarget "pickerViewTraining" */;
			buildPhases = (
				162F379B1CC50E6900F93B7A /* Sources */,
				162F379C1CC50E6900F93B7A /* Frameworks */,
				162F379D1CC50E6900F93B7A /* Resources */,
			);
			buildRules = (
			);
			dependencies = (
			);
			name = pickerViewTraining;
			productName = pickerViewTraining;
			productReference = 162F379F1CC50E6900F93B7A /* pickerViewTraining.app */;
			productType = "com.apple.product-type.application";
		};
/* End PBXNativeTarget section */

/* Begin PBXProject section */
		162F37971CC50E6900F93B7A /* Project object */ = {
			isa = PBXProject;
			attributes = {
				LastUpgradeCheck = 0720;
				ORGANIZATIONNAME = "Uri Fuholichev";
				TargetAttributes = {
					162F379E1CC50E6900F93B7A = {
						CreatedOnToolsVersion = 7.2;
					};
				};
			};
			buildConfigurationList = 162F379A1CC50E6900F93B7A /* Build configuration list for PBXProject "pickerViewTraining" */;
			compatibilityVersion = "Xcode 3.2";
			developmentRegion = English;
			hasScannedForEncodings = 0;
			knownRegions = (
				en,
				Base,
			);
			mainGroup = 162F37961CC50E6900F93B7A;
			productRefGroup = 162F37A01CC50E6900F93B7A /* Products */;
			projectDirPath = "";
			projectRoot = "";
			targets = (
				162F379E1CC50E6900F93B7A /* pickerViewTraining */,
			);
		};
/* End PBXProject section */

/* Begin PBXResourcesBuildPhase section */
		162F379D1CC50E6900F93B7A /* Resources */ = {
			isa = PBXResourcesBuildPhase;
			buildActionMask = 2147483647;
			files = (
				162F37B21CC50E6900F93B7A /* LaunchScreen.storyboard in Resources */,
				162F37AF1CC50E6900F93B7A /* Assets.xcassets in Resources */,
				162F37AD1CC50E6900F93B7A /* Main.storyboard in Resources */,
			);
			runOnlyForDeploymentPostprocessing = 0;
		};
/* End PBXResourcesBuildPhase section */

/* Begin PBXSourcesBuildPhase section */
		162F379B1CC50E6900F93B7A /* Sources */ = {
			isa = PBXSourcesBuildPhase;
			buildActionMask = 2147483647;
			files = (
				16FA2DDA1D611123002EE747 /* Data.m in Sources */,
				16FA2DD71D60FA96002EE747 /* MyPickerView.m in Sources */,
				162F37AA1CC50E6900F93B7A /* ViewController.m in Sources */,
				162F37A71CC50E6900F93B7A /* AppDelegate.m in Sources */,
				162F37A41CC50E6900F93B7A /* main.m in Sources */,
			);
			runOnlyForDeploymentPostprocessing = 0;
		};
/* End PBXSourcesBuildPhase section */

/* Begin PBXVariantGroup section */
		162F37AB1CC50E6900F93B7A /* Main.storyboard */ = {
			isa = PBXVariantGroup;
			children = (
				162F37AC1CC50E6900F93B7A /* Base */,
			);
			name = Main.storyboard;
			sourceTree = "<group>";
		};
		162F37B01CC50E6900F93B7A /* LaunchScreen.storyboard */ = {
			isa = PBXVariantGroup;
			children = (
				162F37B11CC50E6900F93B7A /* Base */,
			);
			name = LaunchScreen.storyboard;
			sourceTree = "<group>";
		};
/* End PBXVariantGroup section */

/* Begin XCBuildConfiguration section */
		162F37B41CC50E6900F93B7A /* Debug */ = {
			isa = XCBuildConfiguration;
			buildSettings = {
				ALWAYS_SEARCH_USER_PATHS = NO;
				CLANG_CXX_LANGUAGE_STANDARD = "gnu++0x";
				CLANG_CXX_LIBRARY = "libc++";
				CLANG_ENABLE_MODULES = YES;
				CLANG_ENABLE_OBJC_ARC = YES;
				CLANG_WARN_BOOL_CONVERSION = YES;
				CLANG_WARN_CONSTANT_CONVERSION = YES;
				CLANG_WARN_DIRECT_OBJC_ISA_USAGE = YES_ERROR;
				CLANG_WARN_EMPTY_BODY = YES;
				CLANG_WARN_ENUM_CONVERSION = YES;
				CLANG_WARN_INT_CONVERSION = YES;
				CLANG_WARN_OBJC_ROOT_CLASS = YES_ERROR;
				CLANG_WARN_UNREACHABLE_CODE = YES;
				CLANG_WARN__DUPLICATE_METHOD_MATCH = YES;
				"CODE_SIGN_IDENTITY[sdk=iphoneos*]" = "iPhone Developer";
				COPY_PHASE_STRIP = NO;
				DEBUG_INFORMATION_FORMAT = dwarf;
				ENABLE_STRICT_OBJC_MSGSEND = YES;
				ENABLE_TESTABILITY = YES;
				GCC_C_LANGUAGE_STANDARD = gnu99;
				GCC_DYNAMIC_NO_PIC = NO;
				GCC_NO_COMMON_BLOCKS = YES;
				GCC_OPTIMIZATION_LEVEL = 0;
				GCC_PREPROCESSOR_DEFINITIONS = (
					"DEBUG=1",
					"$(inherited)",
				);
				GCC_WARN_64_TO_32_BIT_CONVERSION = YES;
				GCC_WARN_ABOUT_RETURN_TYPE = YES_ERROR;
				GCC_WARN_UNDECLARED_SELECTOR = YES;
				GCC_WARN_UNINITIALIZED_AUTOS = YES_AGGRESSIVE;
				GCC_WARN_UNUSED_FUNCTION = YES;
				GCC_WARN_UNUSED_VARIABLE = YES;
				IPHONEOS_DEPLOYMENT_TARGET = 9.2;
				MTL_ENABLE_DEBUG_INFO = YES;
				ONLY_ACTIVE_ARCH = YES;
				SDKROOT = iphoneos;
			};
			name = Debug;
		};
		162F37B51CC50E6900F93B7A /* Release */ = {
			isa = XCBuildConfiguration;
			buildSettings = {
				ALWAYS_SEARCH_USER_PATHS = NO;
				CLANG_CXX_LANGUAGE_STANDARD = "gnu++0x";
				CLANG_CXX_LIBRARY = "libc++";
				CLANG_ENABLE_MODULES = YES;
				CLANG_ENABLE_OBJC_ARC = YES;
				CLANG_WARN_BOOL_CONVERSION = YES;
				CLANG_WARN_CONSTANT_CONVERSION = YES;
				CLANG_WARN_DIRECT_OBJC_ISA_USAGE = YES_ERROR;
				CLANG_WARN_EMPTY_BODY = YES;
				CLANG_WARN_ENUM_CONVERSION = YES;
				CLANG_WARN_INT_CONVERSION = YES;
				CLANG_WARN_OBJC_ROOT_CLASS = YES_ERROR;
				CLANG_WARN_UNREACHABLE_CODE = YES;
				CLANG_WARN__DUPLICATE_METHOD_MATCH = YES;
				"CODE_SIGN_IDENTITY[sdk=iphoneos*]" = "iPhone Developer";
				COPY_PHASE_STRIP = NO;
				DEBUG_INFORMATION_FORMAT = "dwarf-with-dsym";
				ENABLE_NS_ASSERTIONS = NO;
				ENABLE_STRICT_OBJC_MSGSEND = YES;
				GCC_C_LANGUAGE_STANDARD = gnu99;
				GCC_NO_COMMON_BLOCKS = YES;
				GCC_WARN_64_TO_32_BIT_CONVERSION = YES;
				GCC_WARN_ABOUT_RETURN_TYPE = YES_ERROR;
				GCC_WARN_UNDECLARED_SELECTOR = YES;
				GCC_WARN_UNINITIALIZED_AUTOS = YES_AGGRESSIVE;
				GCC_WARN_UNUSED_FUNCTION = YES;
				GCC_WARN_UNUSED_VARIABLE = YES;
				IPHONEOS_DEPLOYMENT_TARGET = 9.2;
				MTL_ENABLE_DEBUG_INFO = NO;
				SDKROOT = iphoneos;
				VALIDATE_PRODUCT = YES;
			};
			name = Release;
		};
		162F37B71CC50E6900F93B7A /* Debug */ = {
			isa = XCBuildConfiguration;
			buildSettings = {
				ASSETCATALOG_COMPILER_APPICON_NAME = AppIcon;
				INFOPLIST_FILE = pickerViewTraining/Info.plist;
				LD_RUNPATH_SEARCH_PATHS = "$(inherited) @executable_path/Frameworks";
				PRODUCT_BUNDLE_IDENTIFIER = UriF.pickerViewTraining;
				PRODUCT_NAME = "$(TARGET_NAME)";
			};
			name = Debug;
		};
		162F37B81CC50E6900F93B7A /* Release */ = {
			isa = XCBuildConfiguration;
			buildSettings = {
				ASSETCATALOG_COMPILER_APPICON_NAME = AppIcon;
				INFOPLIST_FILE = pickerViewTraining/Info.plist;
				LD_RUNPATH_SEARCH_PATHS = "$(inherited) @executable_path/Frameworks";
				PRODUCT_BUNDLE_IDENTIFIER = UriF.pickerViewTraining;
				PRODUCT_NAME = "$(TARGET_NAME)";
			};
			name = Release;
		};
/* End XCBuildConfiguration section */

/* Begin XCConfigurationList section */
		162F379A1CC50E6900F93B7A /* Build configuration list for PBXProject "pickerViewTraining" */ = {
			isa = XCConfigurationList;
			buildConfigurations = (
				162F37B41CC50E6900F93B7A /* Debug */,
				162F37B51CC50E6900F93B7A /* Release */,
			);
			defaultConfigurationIsVisible = 0;
			defaultConfigurationName = Release;
		};
		162F37B61CC50E6900F93B7A /* Build configuration list for PBXNativeTarget "pickerViewTraining" */ = {
			isa = XCConfigurationList;
			buildConfigurations = (
				162F37B71CC50E6900F93B7A /* Debug */,
				162F37B81CC50E6900F93B7A /* Release */,
			);
			defaultConfigurationIsVisible = 0;
			defaultConfigurationName = Release;
		};
/* End XCConfigurationList section */
	};
	rootObject = 162F37971CC50E6900F93B7A /* Project object */;
}
